
Microsoft Visual Studio Solution File, Format Version 12.00
# Visual Studio 15
VisualStudioVersion = 15.0.28307.271
MinimumVisualStudioVersion = 10.0.40219.1
Project("{FAE04EC0-301F-11D3-BF4B-00C04F79EFBC}") = "ISULR", "ISULR\ISULR.csproj", "{3906C005-15BF-45B0-9B7D-97252430F9D2}"
EndProject
Project("{FAE04EC0-301F-11D3-BF4B-00C04F79EFBC}") = "LibISULR", "LibISULR\LibISULR.csproj", "{C53874EE-4B79-4F1F-9B95-05881AFFB675}"
EndProject
Global
	GlobalSection(SolutionConfigurationPlatforms) = preSolution
		Debug|Any CPU = Debug|Any CPU
		Release|Any CPU = Release|Any CPU
	EndGlobalSection
	GlobalSection(ProjectConfigurationPlatforms) = postSolution
		{3906C005-15BF-45B0-9B7D-97252430F9D2}.Debug|Any CPU.ActiveCfg = Debug|Any CPU
		{3906C005-15BF-45B0-9B7D-97252430F9D2}.Debug|Any CPU.Build.0 = Debug|Any CPU
		{3906C005-15BF-45B0-9B7D-97252430F9D2}.Release|Any CPU.ActiveCfg = Release|Any CPU
		{3906C005-15BF-45B0-9B7D-97252430F9D2}.Release|Any CPU.Build.0 = Release|Any CPU
		{C53874EE-4B79-4F1F-9B95-05881AFFB675}.Debug|Any CPU.ActiveCfg = Debug|Any CPU
		{C53874EE-4B79-4F1F-9B95-05881AFFB675}.Debug|Any CPU.Build.0 = Debug|Any CPU
		{C53874EE-4B79-4F1F-9B95-05881AFFB675}.Release|Any CPU.ActiveCfg = Release|Any CPU
		{C53874EE-4B79-4F1F-9B95-05881AFFB675}.Release|Any CPU.Build.0 = Release|Any CPU
	EndGlobalSection
	GlobalSection(SolutionProperties) = preSolution
		HideSolutionNode = FALSE
	EndGlobalSection
	GlobalSection(ExtensibilityGlobals) = postSolution
		SolutionGuid = {8221AA8B-C4D9-418A-ACF1-FAE581B75218}
	EndGlobalSection
EndGlobal
